<?xml version="1.0" encoding="utf-8"?>
<Project ToolsVersion="4.0" xmlns="http://schemas.microsoft.com/developer/msbuild/2003">
  <ItemGroup>
    <FxCompile Include="Shader\AmbientLightPS.hlsl">
      <Filter>01_RendererModule\HLSL</Filter>
    </FxCompile>
    <FxCompile Include="Shader\AmbientLightVS.hlsl">
      <Filter>01_RendererModule\HLSL</Filter>
    </FxCompile>
  </ItemGroup>
  <ItemGroup>
    <ClCompile Include="Object.cpp">
      <Filter>02_GameModule\Object</Filter>
    </ClCompile>
    <ClCompile Include="ObjectGate.cpp">
      <Filter>02_GameModule\Object</Filter>
    </ClCompile>
    <ClCompile Include="ObjectMinion.cpp">
      <Filter>02_GameModule\Object</Filter>
    </ClCompile>
    <ClCompile Include="ObjectManager.cpp">
      <Filter>02_GameModule\ObjectManager</Filter>
    </ClCompile>
    <ClCompile Include="Prev.cpp">
      <Filter>00_Prev</Filter>
    </ClCompile>
    <ClCompile Include="AmbientLightShader.cpp">
      <Filter>01_RendererModule\Shader</Filter>
    </ClCompile>
    <ClCompile Include="TextureShader.cpp">
      <Filter>01_RendererModule\Shader</Filter>
    </ClCompile>
    <ClCompile Include="LightShader.cpp">
      <Filter>01_RendererModule\Shader</Filter>
    </ClCompile>
    <ClCompile Include="ColorShader.cpp">
      <Filter>01_RendererModule\Shader</Filter>
    </ClCompile>
    <ClCompile Include="Camera.cpp">
      <Filter>01_RendererModule\Camera</Filter>
    </ClCompile>
    <ClCompile Include="FBX.cpp">
      <Filter>01_RendererModule\FBX</Filter>
    </ClCompile>
    <ClCompile Include="Model.cpp">
      <Filter>01_RendererModule\Model</Filter>
    </ClCompile>
    <ClCompile Include="SceneIngame.cpp">
      <Filter>02_GameModule\Scene</Filter>
    </ClCompile>
    <ClCompile Include="SceneIntro.cpp">
      <Filter>02_GameModule\Scene</Filter>
    </ClCompile>
    <ClCompile Include="Scene.cpp">
      <Filter>02_GameModule\Scene</Filter>
    </ClCompile>
    <ClCompile Include="Direct.cpp">
      <Filter>01_RendererModule\Direct%28Singleton%29</Filter>
    </ClCompile>
    <ClCompile Include="Keyboard.cpp">
      <Filter>02_GameModule\Keyboard</Filter>
    </ClCompile>
    <ClCompile Include="Light.cpp">
      <Filter>01_RendererModule\Light</Filter>
    </ClCompile>
    <ClCompile Include="main.cpp">
      <Filter>99_Entry</Filter>
    </ClCompile>
    <ClCompile Include="Game.cpp">
      <Filter>04_Game%28Singleton%29</Filter>
    </ClCompile>
    <ClCompile Include="SceneManager.cpp">
      <Filter>02_GameModule\SceneManager</Filter>
    </ClCompile>
    <ClCompile Include="FBXManager.cpp">
      <Filter>01_RendererModule\FBXManager%28Singleton%29</Filter>
    </ClCompile>
    <ClCompile Include="DisplayCommon.cpp">
      <Filter>01_RendererModule\FBX\FBXSample</Filter>
    </ClCompile>
    <ClCompile Include="DisplayAnimation.cpp">
      <Filter>01_RendererModule\FBX\FBXSample</Filter>
    </ClCompile>
    <ClCompile Include="ObjectStatic.cpp">
      <Filter>02_GameModule\Object</Filter>
    </ClCompile>
    <ClCompile Include="GameTimer.cpp">
      <Filter>04_Game%28Singleton%29</Filter>
    </ClCompile>
    <ClCompile Include="CameraIngame.cpp">
      <Filter>01_RendererModule\Camera</Filter>
    </ClCompile>
    <ClCompile Include="CameraIngamePC.cpp">
      <Filter>01_RendererModule\Camera</Filter>
    </ClCompile>
    <ClCompile Include="Timer.cpp">
      <Filter>02_GameModule\Object\Timer</Filter>
    </ClCompile>
    <ClCompile Include="Texture.cpp">
      <Filter>01_RendererModule\Texture</Filter>
    </ClCompile>
    <ClCompile Include="TextureManager.cpp">
      <Filter>01_RendererModule\Texture</Filter>
    </ClCompile>
    <ClCompile Include="ObjectGateCore.cpp">
      <Filter>02_GameModule\Object</Filter>
    </ClCompile>
    <ClCompile Include="ObjectMagician.cpp">
      <Filter>02_GameModule\Object</Filter>
    </ClCompile>
    <ClCompile Include="ObjectEffect.cpp">
      <Filter>02_GameModule\Object</Filter>
    </ClCompile>
    <ClCompile Include="ObjectShuriken.cpp">
      <Filter>02_GameModule\Object</Filter>
    </ClCompile>
    <ClCompile Include="UI.cpp">
      <Filter>01_RendererModule\UI</Filter>
    </ClCompile>
    <ClCompile Include="SceneResult.cpp">
      <Filter>02_GameModule\Scene</Filter>
    </ClCompile>
    <ClCompile Include="SoundClip.cpp">
      <Filter>01_SoundModule</Filter>
    </ClCompile>
    <ClCompile Include="SoundManager.cpp">
      <Filter>01_SoundModule</Filter>
    </ClCompile>
    <ClCompile Include="ObjectSlash.cpp">
      <Filter>02_GameModule\Object</Filter>
    </ClCompile>
    <ClCompile Include="Server.cpp">
      <Filter>05_Server</Filter>
    </ClCompile>
  </ItemGroup>
  <ItemGroup>
    <ClInclude Include="Object.h">
      <Filter>02_GameModule\Object</Filter>
    </ClInclude>
    <ClInclude Include="ObjectGate.h">
      <Filter>02_GameModule\Object</Filter>
    </ClInclude>
    <ClInclude Include="ObjectMinion.h">
      <Filter>02_GameModule\Object</Filter>
    </ClInclude>
    <ClInclude Include="ObjectManager.h">
      <Filter>02_GameModule\ObjectManager</Filter>
    </ClInclude>
    <ClInclude Include="AmbientLightShader.h">
      <Filter>01_RendererModule\Shader</Filter>
    </ClInclude>
    <ClInclude Include="TextureShader.h">
      <Filter>01_RendererModule\Shader</Filter>
    </ClInclude>
    <ClInclude Include="LightShader.h">
      <Filter>01_RendererModule\Shader</Filter>
    </ClInclude>
    <ClInclude Include="ColorShader.h">
      <Filter>01_RendererModule\Shader</Filter>
    </ClInclude>
    <ClInclude Include="Camera.h">
      <Filter>01_RendererModule\Camera</Filter>
    </ClInclude>
    <ClInclude Include="FBX.h">
      <Filter>01_RendererModule\FBX</Filter>
    </ClInclude>
    <ClInclude Include="Model.h">
      <Filter>01_RendererModule\Model</Filter>
    </ClInclude>
    <ClInclude Include="SceneIntro.h">
      <Filter>02_GameModule\Scene</Filter>
    </ClInclude>
    <ClInclude Include="SceneIngame.h">
      <Filter>02_GameModule\Scene</Filter>
    </ClInclude>
    <ClInclude Include="Scene.h">
      <Filter>02_GameModule\Scene</Filter>
    </ClInclude>
    <ClInclude Include="Direct.h">
      <Filter>01_RendererModule\Direct%28Singleton%29</Filter>
    </ClInclude>
    <ClInclude Include="Keyboard.h">
      <Filter>02_GameModule\Keyboard</Filter>
    </ClInclude>
    <ClInclude Include="Light.h">
      <Filter>01_RendererModule\Light</Filter>
    </ClInclude>
    <ClInclude Include="Game.h">
      <Filter>04_Game%28Singleton%29</Filter>
    </ClInclude>
    <ClInclude Include="SceneManager.h">
      <Filter>02_GameModule\SceneManager</Filter>
    </ClInclude>
    <ClInclude Include="FBXManager.h">
      <Filter>01_RendererModule\FBXManager%28Singleton%29</Filter>
    </ClInclude>
    <ClInclude Include="Prev.h">
      <Filter>00_Prev</Filter>
    </ClInclude>
    <ClInclude Include="DisplayCommon.h">
      <Filter>01_RendererModule\FBX\FBXSample</Filter>
    </ClInclude>
    <ClInclude Include="DisplayAnimation.h">
      <Filter>01_RendererModule\FBX\FBXSample</Filter>
    </ClInclude>
    <ClInclude Include="ObjectStatic.h">
      <Filter>02_GameModule\Object</Filter>
    </ClInclude>
    <ClInclude Include="GameTimer.h">
      <Filter>04_Game%28Singleton%29</Filter>
    </ClInclude>
    <ClInclude Include="CameraIngame.h">
      <Filter>01_RendererModule\Camera</Filter>
    </ClInclude>
    <ClInclude Include="CameraIngamePC.h">
      <Filter>01_RendererModule\Camera</Filter>
    </ClInclude>
    <ClInclude Include="Timer.h">
      <Filter>02_GameModule\Object\Timer</Filter>
    </ClInclude>
    <ClInclude Include="Texture.h">
      <Filter>01_RendererModule\Texture</Filter>
    </ClInclude>
    <ClInclude Include="TextureManager.h">
      <Filter>01_RendererModule\Texture</Filter>
    </ClInclude>
    <ClInclude Include="ObjectGateCore.h">
      <Filter>02_GameModule\Object</Filter>
    </ClInclude>
    <ClInclude Include="ObjectMagician.h">
      <Filter>02_GameModule\Object</Filter>
    </ClInclude>
    <ClInclude Include="ObjectEffect.h">
      <Filter>02_GameModule\Object</Filter>
    </ClInclude>
    <ClInclude Include="ObjectShuriken.h">
      <Filter>02_GameModule\Object</Filter>
    </ClInclude>
    <ClInclude Include="UI.h">
      <Filter>01_RendererModule\UI</Filter>
    </ClInclude>
    <ClInclude Include="SceneResult.h">
      <Filter>02_GameModule\Scene</Filter>
    </ClInclude>
    <ClInclude Include="SoundClip.h">
      <Filter>01_SoundModule</Filter>
    </ClInclude>
    <ClInclude Include="SoundManager.h">
      <Filter>01_SoundModule</Filter>
    </ClInclude>
    <ClInclude Include="ObjectSlash.h">
      <Filter>02_GameModule\Object</Filter>
    </ClInclude>
    <ClInclude Include="Server.h">
      <Filter>05_Server</Filter>
    </ClInclude>
  </ItemGroup>
  <ItemGroup>
    <None Include="Shader\ColorPS.hlsl">
      <Filter>01_RendererModule\HLSL</Filter>
    </None>
    <None Include="Shader\ColorVS.hlsl">
      <Filter>01_RendererModule\HLSL</Filter>
    </None>
    <None Include="Shader\LightPS.hlsl">
      <Filter>01_RendererModule\HLSL</Filter>
    </None>
    <None Include="Shader\LightVS.hlsl">
      <Filter>01_RendererModule\HLSL</Filter>
    </None>
    <None Include="Shader\TexturePS.hlsl">
      <Filter>01_RendererModule\HLSL</Filter>
    </None>
    <None Include="Shader\TextureVS.hlsl">
      <Filter>01_RendererModule\HLSL</Filter>
    </None>
  </ItemGroup>
  <ItemGroup>
    <Text Include="desc.txt">
      <Filter>00_Prev</Filter>
    </Text>
    <Text Include="bluePrint.txt">
      <Filter>00_Prev</Filter>
    </Text>
    <Text Include="plan.txt">
      <Filter>00_Prev</Filter>
    </Text>
    <Text Include="Resource\FBX\Info\minion.txt">
      <Filter>01_RendererModule\FBX</Filter>
    </Text>
    <Text Include="unitTest.txt">
      <Filter>00_Prev</Filter>
    </Text>
  </ItemGroup>
  <ItemGroup>
    <Filter Include="00_Prev">
      <UniqueIdentifier>{3e7cf6f0-44d4-44e9-a2af-eb5e63ac2298}</UniqueIdentifier>
    </Filter>
    <Filter Include="99_Entry">
      <UniqueIdentifier>{751c9416-4ee9-4f50-84d3-f4992e0b2896}</UniqueIdentifier>
    </Filter>
    <Filter Include="01_RendererModule">
      <UniqueIdentifier>{54f1e755-bd1b-4a24-bc8d-674562003bda}</UniqueIdentifier>
    </Filter>
    <Filter Include="01_RendererModule\HLSL">
      <UniqueIdentifier>{05488037-1409-4896-8868-d7f5e7d3a59b}</UniqueIdentifier>
    </Filter>
    <Filter Include="01_RendererModule\Shader">
      <UniqueIdentifier>{3295bd0e-d55c-4e16-82d5-f67f7b8d01c1}</UniqueIdentifier>
    </Filter>
    <Filter Include="01_RendererModule\Camera">
      <UniqueIdentifier>{96ab24d5-6bc2-4744-a2a9-8d50d74e9cd3}</UniqueIdentifier>
    </Filter>
    <Filter Include="01_RendererModule\FBX">
      <UniqueIdentifier>{2beb5b76-808e-4b4f-81bc-0a239307e3e8}</UniqueIdentifier>
    </Filter>
    <Filter Include="01_RendererModule\Model">
      <UniqueIdentifier>{f41bc407-7a55-4f93-9f3d-0de14e22a11d}</UniqueIdentifier>
    </Filter>
    <Filter Include="01_RendererModule\Texture">
      <UniqueIdentifier>{9a8c3013-608a-41b9-bdd0-b7d921a599b2}</UniqueIdentifier>
    </Filter>
    <Filter Include="01_RendererModule\Light">
      <UniqueIdentifier>{fb4d8206-8673-46c9-8355-912991a7ce01}</UniqueIdentifier>
    </Filter>
    <Filter Include="02_GameModule">
      <UniqueIdentifier>{34e9a967-5251-4a9b-842c-cad7063ead10}</UniqueIdentifier>
    </Filter>
    <Filter Include="02_GameModule\ObjectManager">
      <UniqueIdentifier>{651fd145-ee4f-40d1-a65b-3a4be7c9e3f9}</UniqueIdentifier>
    </Filter>
    <Filter Include="02_GameModule\Object">
      <UniqueIdentifier>{26df2541-1772-46a2-b5fa-a8ec03554512}</UniqueIdentifier>
    </Filter>
    <Filter Include="02_GameModule\SceneManager">
      <UniqueIdentifier>{13393655-b479-4981-9e04-b3b03f4cc51d}</UniqueIdentifier>
    </Filter>
    <Filter Include="02_GameModule\Scene">
      <UniqueIdentifier>{33b603cc-50f3-44ba-a677-592defbb301d}</UniqueIdentifier>
    </Filter>
    <Filter Include="02_GameModule\Keyboard">
      <UniqueIdentifier>{a8f31b83-032c-4bcd-8f2c-d9290c20d278}</UniqueIdentifier>
    </Filter>
    <Filter Include="01_RendererModule\Direct%28Singleton%29">
      <UniqueIdentifier>{c3dca943-7481-4b32-b13e-e06f28d4839a}</UniqueIdentifier>
    </Filter>
    <Filter Include="01_RendererModule\FBXManager%28Singleton%29">
      <UniqueIdentifier>{a15f1bb4-fa9b-4ef7-af3e-f7e25dc78e76}</UniqueIdentifier>
    </Filter>
    <Filter Include="04_Game%28Singleton%29">
      <UniqueIdentifier>{303055e5-a93b-4a99-939e-0489524f32b6}</UniqueIdentifier>
    </Filter>
    <Filter Include="01_RendererModule\FBX\FBXSample">
      <UniqueIdentifier>{7ac742d0-58f1-4fc1-8958-bfa4cef58b75}</UniqueIdentifier>
    </Filter>
    <Filter Include="02_GameModule\Object\Timer">
      <UniqueIdentifier>{97b96a13-9861-4b25-89a6-283af24b3f54}</UniqueIdentifier>
    </Filter>
    <Filter Include="01_RendererModule\UI">
      <UniqueIdentifier>{621652dc-49f7-46dc-a203-488236530c6d}</UniqueIdentifier>
    </Filter>
    <Filter Include="01_SoundModule">
      <UniqueIdentifier>{9f52627d-d137-4555-ad4c-a66f648c8d96}</UniqueIdentifier>
    </Filter>
    <Filter Include="05_Server">
      <UniqueIdentifier>{5c07d2d5-442d-404a-bb4c-59e10d3253e3}</UniqueIdentifier>
    </Filter>
  </ItemGroup>
</Project>